<?xml version="1.0" encoding="utf-8"?>
<Project ToolsVersion="4.0" xmlns="http://schemas.microsoft.com/developer/msbuild/2003">
  <ItemGroup>
    <Filter Include="lib">
      <UniqueIdentifier>{1b8f1144-e6d8-42c7-9295-afba8f241dc1}</UniqueIdentifier>
    </Filter>
    <Filter Include="lj">
      <UniqueIdentifier>{c8df9aa2-38ca-418c-8619-7f715fea20e0}</UniqueIdentifier>
    </Filter>
  </ItemGroup>
  <ItemGroup>
    <ClCompile Include="lib_aux.c">
      <Filter>lib</Filter>
    </ClCompile>
    <ClCompile Include="lib_base.c">
      <Filter>lib</Filter>
    </ClCompile>
    <ClCompile Include="lib_bit.c">
      <Filter>lib</Filter>
    </ClCompile>
    <ClCompile Include="lib_debug.c">
      <Filter>lib</Filter>
    </ClCompile>
    <ClCompile Include="lib_ffi.c">
      <Filter>lib</Filter>
    </ClCompile>
    <ClCompile Include="lib_init.c">
      <Filter>lib</Filter>
    </ClCompile>
    <ClCompile Include="lib_io.c">
      <Filter>lib</Filter>
    </ClCompile>
    <ClCompile Include="lib_jit.c">
      <Filter>lib</Filter>
    </ClCompile>
    <ClCompile Include="lib_math.c">
      <Filter>lib</Filter>
    </ClCompile>
    <ClCompile Include="lib_os.c">
      <Filter>lib</Filter>
    </ClCompile>
    <ClCompile Include="lib_package.c">
      <Filter>lib</Filter>
    </ClCompile>
    <ClCompile Include="lib_string.c">
      <Filter>lib</Filter>
    </ClCompile>
    <ClCompile Include="lib_table.c">
      <Filter>lib</Filter>
    </ClCompile>
    <ClCompile Include="lj_strscan.c">
      <Filter>lj</Filter>
    </ClCompile>
    <ClCompile Include="lj_tab.c">
      <Filter>lj</Filter>
    </ClCompile>
    <ClCompile Include="lj_trace.c">
      <Filter>lj</Filter>
    </ClCompile>
    <ClCompile Include="lj_udata.c">
      <Filter>lj</Filter>
    </ClCompile>
    <ClCompile Include="lj_vmevent.c">
      <Filter>lj</Filter>
    </ClCompile>
    <ClCompile Include="lj_vmmath.c">
      <Filter>lj</Filter>
    </ClCompile>
    <ClCompile Include="lj_alloc.c">
      <Filter>lj</Filter>
    </ClCompile>
    <ClCompile Include="lj_api.c">
      <Filter>lj</Filter>
    </ClCompile>
    <ClCompile Include="lj_asm.c">
      <Filter>lj</Filter>
    </ClCompile>
    <ClCompile Include="lj_bc.c">
      <Filter>lj</Filter>
    </ClCompile>
    <ClCompile Include="lj_bcread.c">
      <Filter>lj</Filter>
    </ClCompile>
    <ClCompile Include="lj_bcwrite.c">
      <Filter>lj</Filter>
    </ClCompile>
    <ClCompile Include="lj_carith.c">
      <Filter>lj</Filter>
    </ClCompile>
    <ClCompile Include="lj_ccall.c">
      <Filter>lj</Filter>
    </ClCompile>
    <ClCompile Include="lj_ccallback.c">
      <Filter>lj</Filter>
    </ClCompile>
    <ClCompile Include="lj_cconv.c">
      <Filter>lj</Filter>
    </ClCompile>
    <ClCompile Include="lj_cdata.c">
      <Filter>lj</Filter>
    </ClCompile>
    <ClCompile Include="lj_char.c">
      <Filter>lj</Filter>
    </ClCompile>
    <ClCompile Include="lj_clib.c">
      <Filter>lj</Filter>
    </ClCompile>
    <ClCompile Include="lj_cparse.c">
      <Filter>lj</Filter>
    </ClCompile>
    <ClCompile Include="lj_crecord.c">
      <Filter>lj</Filter>
    </ClCompile>
    <ClCompile Include="lj_ctype.c">
      <Filter>lj</Filter>
    </ClCompile>
    <ClCompile Include="lj_debug.c">
      <Filter>lj</Filter>
    </ClCompile>
    <ClCompile Include="lj_dispatch.c">
      <Filter>lj</Filter>
    </ClCompile>
    <ClCompile Include="lj_err.c">
      <Filter>lj</Filter>
    </ClCompile>
    <ClCompile Include="lj_ffrecord.c">
      <Filter>lj</Filter>
    </ClCompile>
    <ClCompile Include="lj_func.c">
      <Filter>lj</Filter>
    </ClCompile>
    <ClCompile Include="lj_gc.c">
      <Filter>lj</Filter>
    </ClCompile>
    <ClCompile Include="lj_gdbjit.c">
      <Filter>lj</Filter>
    </ClCompile>
    <ClCompile Include="lj_ir.c">
      <Filter>lj</Filter>
    </ClCompile>
    <ClCompile Include="lj_lex.c">
      <Filter>lj</Filter>
    </ClCompile>
    <ClCompile Include="lj_lib.c">
      <Filter>lj</Filter>
    </ClCompile>
    <ClCompile Include="lj_load.c">
      <Filter>lj</Filter>
    </ClCompile>
    <ClCompile Include="lj_mcode.c">
      <Filter>lj</Filter>
    </ClCompile>
    <ClCompile Include="lj_meta.c">
      <Filter>lj</Filter>
    </ClCompile>
    <ClCompile Include="lj_obj.c">
      <Filter>lj</Filter>
    </ClCompile>
    <ClCompile Include="lj_opt_dce.c">
      <Filter>lj</Filter>
    </ClCompile>
    <ClCompile Include="lj_opt_fold.c">
      <Filter>lj</Filter>
    </ClCompile>
    <ClCompile Include="lj_opt_loop.c">
      <Filter>lj</Filter>
    </ClCompile>
    <ClCompile Include="lj_opt_mem.c">
      <Filter>lj</Filter>
    </ClCompile>
    <ClCompile Include="lj_opt_narrow.c">
      <Filter>lj</Filter>
    </ClCompile>
    <ClCompile Include="lj_opt_sink.c">
      <Filter>lj</Filter>
    </ClCompile>
    <ClCompile Include="lj_opt_split.c">
      <Filter>lj</Filter>
    </ClCompile>
    <ClCompile Include="lj_parse.c">
      <Filter>lj</Filter>
    </ClCompile>
    <ClCompile Include="lj_record.c">
      <Filter>lj</Filter>
    </ClCompile>
    <ClCompile Include="lj_snap.c">
      <Filter>lj</Filter>
    </ClCompile>
    <ClCompile Include="lj_state.c">
      <Filter>lj</Filter>
    </ClCompile>
    <ClCompile Include="lj_str.c">
      <Filter>lj</Filter>
    </ClCompile>
  </ItemGroup>
</Project>